// !$*UTF8*$!
{
	archiveVersion = 1;
	classes = {
	};
	objectVersion = 48;
	objects = {

/* Begin PBXBuildFile section */
		42152C4A2057E1BB002FB92B /* Main.storyboard in Resources */ = {isa = PBXBuildFile; fileRef = AA436C29203D945F00F3DDF1 /* Main.storyboard */; };
		42152C4C2057E2A6002FB92B /* ViewController.swift in Sources */ = {isa = PBXBuildFile; fileRef = 42152C4B2057E2A6002FB92B /* ViewController.swift */; };
		423847092073A80C004DC225 /* instructionsViewController.swift in Sources */ = {isa = PBXBuildFile; fileRef = 423847082073A80C004DC225 /* instructionsViewController.swift */; };
		4259C503205BC29F00340E9D /* claimPopUpViewController.swift in Sources */ = {isa = PBXBuildFile; fileRef = 4259C502205BC29F00340E9D /* claimPopUpViewController.swift */; };
		4259C509206A4CD900340E9D /* BufferAction.swift in Sources */ = {isa = PBXBuildFile; fileRef = 4259C508206A4CD900340E9D /* BufferAction.swift */; };
		42D30C042056B1F70058F795 /* ViewControllerStart.swift in Sources */ = {isa = PBXBuildFile; fileRef = 42D30C032056B1F70058F795 /* ViewControllerStart.swift */; };
		5B9EBEA520627F520086AAA0 /* bullshit.actr in Resources */ = {isa = PBXBuildFile; fileRef = 5B9EBEA420627F520086AAA0 /* bullshit.actr */; };
		AA35C9BC204FF2EC00DDEA21 /* MachineLearning.swift in Sources */ = {isa = PBXBuildFile; fileRef = AA35C9BB204FF2EC00DDEA21 /* MachineLearning.swift */; };
		AA3BC47220626DC7005812D0 /* BufferCondition.swift in Sources */ = {isa = PBXBuildFile; fileRef = AA3BC46020626DC7005812D0 /* BufferCondition.swift */; };
		AA3BC47420626DC7005812D0 /* Chunk.swift in Sources */ = {isa = PBXBuildFile; fileRef = AA3BC46220626DC7005812D0 /* Chunk.swift */; };
		AA3BC47520626DC7005812D0 /* Declarative.swift in Sources */ = {isa = PBXBuildFile; fileRef = AA3BC46320626DC7005812D0 /* Declarative.swift */; };
		AA3BC47620626DC7005812D0 /* Instantiation.swift in Sources */ = {isa = PBXBuildFile; fileRef = AA3BC46420626DC7005812D0 /* Instantiation.swift */; };
		AA3BC47720626DC7005812D0 /* Model.swift in Sources */ = {isa = PBXBuildFile; fileRef = AA3BC46520626DC7005812D0 /* Model.swift */; };
		AA3BC47820626DC7005812D0 /* Parser.swift in Sources */ = {isa = PBXBuildFile; fileRef = AA3BC46620626DC7005812D0 /* Parser.swift */; };
		AA3BC47920626DC7005812D0 /* Prisoner.swift in Sources */ = {isa = PBXBuildFile; fileRef = AA3BC46720626DC7005812D0 /* Prisoner.swift */; };
		AA3BC47A20626DC7005812D0 /* Procedural.swift in Sources */ = {isa = PBXBuildFile; fileRef = AA3BC46820626DC7005812D0 /* Procedural.swift */; };
		AA3BC47B20626DC7005812D0 /* Production.swift in Sources */ = {isa = PBXBuildFile; fileRef = AA3BC46920626DC7005812D0 /* Production.swift */; };
		AA3BC47C20626DC7005812D0 /* rps.actr in Resources */ = {isa = PBXBuildFile; fileRef = AA3BC46A20626DC7005812D0 /* rps.actr */; };
		AA3BC47D20626DC7005812D0 /* SlotAction.swift in Sources */ = {isa = PBXBuildFile; fileRef = AA3BC46B20626DC7005812D0 /* SlotAction.swift */; };
		AA3BC47E20626DC7005812D0 /* SlotCondition.swift in Sources */ = {isa = PBXBuildFile; fileRef = AA3BC46C20626DC7005812D0 /* SlotCondition.swift */; };
		AA3BC47F20626DC7005812D0 /* Support.swift in Sources */ = {isa = PBXBuildFile; fileRef = AA3BC46D20626DC7005812D0 /* Support.swift */; };
		AA3BC48020626DC7005812D0 /* Temporal.swift in Sources */ = {isa = PBXBuildFile; fileRef = AA3BC46E20626DC7005812D0 /* Temporal.swift */; };
		AA3BC48120626DC7005812D0 /* time.actr in Resources */ = {isa = PBXBuildFile; fileRef = AA3BC46F20626DC7005812D0 /* time.actr */; };
		AA3BC48220626DC7005812D0 /* Tokenizer.swift in Sources */ = {isa = PBXBuildFile; fileRef = AA3BC47020626DC7005812D0 /* Tokenizer.swift */; };
		AA436C26203D945F00F3DDF1 /* AppDelegate.swift in Sources */ = {isa = PBXBuildFile; fileRef = AA436C25203D945F00F3DDF1 /* AppDelegate.swift */; };
		AA436C2D203D945F00F3DDF1 /* Assets.xcassets in Resources */ = {isa = PBXBuildFile; fileRef = AA436C2C203D945F00F3DDF1 /* Assets.xcassets */; };
		AA436C30203D945F00F3DDF1 /* LaunchScreen.storyboard in Resources */ = {isa = PBXBuildFile; fileRef = AA436C2E203D945F00F3DDF1 /* LaunchScreen.storyboard */; };
		AAE5C5E1206D218100A7C4F5 /* bluffCallPopUpViewController.swift in Sources */ = {isa = PBXBuildFile; fileRef = AAE5C5E0206D218100A7C4F5 /* bluffCallPopUpViewController.swift */; };
		AAE889972046CFE0002758DE /* Deck.swift in Sources */ = {isa = PBXBuildFile; fileRef = AAE889962046CFE0002758DE /* Deck.swift */; };
		AAE889992046CFEF002758DE /* Card.swift in Sources */ = {isa = PBXBuildFile; fileRef = AAE889982046CFEF002758DE /* Card.swift */; };
		AAE8899B2046D1AD002758DE /* CognitiveModel.swift in Sources */ = {isa = PBXBuildFile; fileRef = AAE8899A2046D1AD002758DE /* CognitiveModel.swift */; };
		AAE8899D2046D1E0002758DE /* Game.swift in Sources */ = {isa = PBXBuildFile; fileRef = AAE8899C2046D1E0002758DE /* Game.swift */; };
/* End PBXBuildFile section */

/* Begin PBXFileReference section */
		42152C4B2057E2A6002FB92B /* ViewController.swift */ = {isa = PBXFileReference; lastKnownFileType = sourcecode.swift; path = ViewController.swift; sourceTree = "<group>"; };
		423847082073A80C004DC225 /* instructionsViewController.swift */ = {isa = PBXFileReference; lastKnownFileType = sourcecode.swift; path = instructionsViewController.swift; sourceTree = "<group>"; };
		4259C502205BC29F00340E9D /* claimPopUpViewController.swift */ = {isa = PBXFileReference; lastKnownFileType = sourcecode.swift; path = claimPopUpViewController.swift; sourceTree = "<group>"; };
		4259C508206A4CD900340E9D /* BufferAction.swift */ = {isa = PBXFileReference; fileEncoding = 4; lastKnownFileType = sourcecode.swift; path = BufferAction.swift; sourceTree = "<group>"; };
		42D30C032056B1F70058F795 /* ViewControllerStart.swift */ = {isa = PBXFileReference; lastKnownFileType = sourcecode.swift; path = ViewControllerStart.swift; sourceTree = "<group>"; };
		5B9EBEA420627F520086AAA0 /* bullshit.actr */ = {isa = PBXFileReference; lastKnownFileType = text; path = bullshit.actr; sourceTree = "<group>"; };
		AA35C9BB204FF2EC00DDEA21 /* MachineLearning.swift */ = {isa = PBXFileReference; lastKnownFileType = sourcecode.swift; path = MachineLearning.swift; sourceTree = "<group>"; };
		AA3BC46020626DC7005812D0 /* BufferCondition.swift */ = {isa = PBXFileReference; fileEncoding = 4; lastKnownFileType = sourcecode.swift; path = BufferCondition.swift; sourceTree = "<group>"; };
		AA3BC46220626DC7005812D0 /* Chunk.swift */ = {isa = PBXFileReference; fileEncoding = 4; lastKnownFileType = sourcecode.swift; path = Chunk.swift; sourceTree = "<group>"; };
		AA3BC46320626DC7005812D0 /* Declarative.swift */ = {isa = PBXFileReference; fileEncoding = 4; lastKnownFileType = sourcecode.swift; path = Declarative.swift; sourceTree = "<group>"; };
		AA3BC46420626DC7005812D0 /* Instantiation.swift */ = {isa = PBXFileReference; fileEncoding = 4; lastKnownFileType = sourcecode.swift; path = Instantiation.swift; sourceTree = "<group>"; };
		AA3BC46520626DC7005812D0 /* Model.swift */ = {isa = PBXFileReference; fileEncoding = 4; lastKnownFileType = sourcecode.swift; path = Model.swift; sourceTree = "<group>"; };
		AA3BC46620626DC7005812D0 /* Parser.swift */ = {isa = PBXFileReference; fileEncoding = 4; lastKnownFileType = sourcecode.swift; path = Parser.swift; sourceTree = "<group>"; };
		AA3BC46720626DC7005812D0 /* Prisoner.swift */ = {isa = PBXFileReference; fileEncoding = 4; lastKnownFileType = sourcecode.swift; path = Prisoner.swift; sourceTree = "<group>"; };
		AA3BC46820626DC7005812D0 /* Procedural.swift */ = {isa = PBXFileReference; fileEncoding = 4; lastKnownFileType = sourcecode.swift; path = Procedural.swift; sourceTree = "<group>"; };
		AA3BC46920626DC7005812D0 /* Production.swift */ = {isa = PBXFileReference; fileEncoding = 4; lastKnownFileType = sourcecode.swift; path = Production.swift; sourceTree = "<group>"; };
		AA3BC46A20626DC7005812D0 /* rps.actr */ = {isa = PBXFileReference; fileEncoding = 4; lastKnownFileType = text; path = rps.actr; sourceTree = "<group>"; };
		AA3BC46B20626DC7005812D0 /* SlotAction.swift */ = {isa = PBXFileReference; fileEncoding = 4; lastKnownFileType = sourcecode.swift; path = SlotAction.swift; sourceTree = "<group>"; };
		AA3BC46C20626DC7005812D0 /* SlotCondition.swift */ = {isa = PBXFileReference; fileEncoding = 4; lastKnownFileType = sourcecode.swift; path = SlotCondition.swift; sourceTree = "<group>"; };
		AA3BC46D20626DC7005812D0 /* Support.swift */ = {isa = PBXFileReference; fileEncoding = 4; lastKnownFileType = sourcecode.swift; path = Support.swift; sourceTree = "<group>"; };
		AA3BC46E20626DC7005812D0 /* Temporal.swift */ = {isa = PBXFileReference; fileEncoding = 4; lastKnownFileType = sourcecode.swift; path = Temporal.swift; sourceTree = "<group>"; };
		AA3BC46F20626DC7005812D0 /* time.actr */ = {isa = PBXFileReference; fileEncoding = 4; lastKnownFileType = text; path = time.actr; sourceTree = "<group>"; };
		AA3BC47020626DC7005812D0 /* Tokenizer.swift */ = {isa = PBXFileReference; fileEncoding = 4; lastKnownFileType = sourcecode.swift; path = Tokenizer.swift; sourceTree = "<group>"; };
		AA436C22203D945F00F3DDF1 /* Bullshit.app */ = {isa = PBXFileReference; explicitFileType = wrapper.application; includeInIndex = 0; path = Bullshit.app; sourceTree = BUILT_PRODUCTS_DIR; };
		AA436C25203D945F00F3DDF1 /* AppDelegate.swift */ = {isa = PBXFileReference; lastKnownFileType = sourcecode.swift; path = AppDelegate.swift; sourceTree = "<group>"; };
		AA436C2A203D945F00F3DDF1 /* Base */ = {isa = PBXFileReference; lastKnownFileType = file.storyboard; name = Base; path = Base.lproj/Main.storyboard; sourceTree = "<group>"; };
		AA436C2C203D945F00F3DDF1 /* Assets.xcassets */ = {isa = PBXFileReference; lastKnownFileType = folder.assetcatalog; path = Assets.xcassets; sourceTree = "<group>"; };
		AA436C2F203D945F00F3DDF1 /* Base */ = {isa = PBXFileReference; lastKnownFileType = file.storyboard; name = Base; path = Base.lproj/LaunchScreen.storyboard; sourceTree = "<group>"; };
		AA436C31203D945F00F3DDF1 /* Info.plist */ = {isa = PBXFileReference; lastKnownFileType = text.plist.xml; path = Info.plist; sourceTree = "<group>"; };
		AAE5C5E0206D218100A7C4F5 /* bluffCallPopUpViewController.swift */ = {isa = PBXFileReference; fileEncoding = 4; lastKnownFileType = sourcecode.swift; path = bluffCallPopUpViewController.swift; sourceTree = "<group>"; };
		AAE889962046CFE0002758DE /* Deck.swift */ = {isa = PBXFileReference; lastKnownFileType = sourcecode.swift; path = Deck.swift; sourceTree = "<group>"; };
		AAE889982046CFEF002758DE /* Card.swift */ = {isa = PBXFileReference; lastKnownFileType = sourcecode.swift; path = Card.swift; sourceTree = "<group>"; };
		AAE8899A2046D1AD002758DE /* CognitiveModel.swift */ = {isa = PBXFileReference; lastKnownFileType = sourcecode.swift; path = CognitiveModel.swift; sourceTree = "<group>"; };
		AAE8899C2046D1E0002758DE /* Game.swift */ = {isa = PBXFileReference; lastKnownFileType = sourcecode.swift; path = Game.swift; sourceTree = "<group>"; };
/* End PBXFileReference section */

/* Begin PBXFrameworksBuildPhase section */
		AA436C1F203D945F00F3DDF1 /* Frameworks */ = {
			isa = PBXFrameworksBuildPhase;
			buildActionMask = 2147483647;
			files = (
			);
			runOnlyForDeploymentPostprocessing = 0;
		};
/* End PBXFrameworksBuildPhase section */

/* Begin PBXGroup section */
		42D30BC22056A9E40058F795 /* Supporting Files */ = {
			isa = PBXGroup;
			children = (
				AA436C2C203D945F00F3DDF1 /* Assets.xcassets */,
				AA436C2E203D945F00F3DDF1 /* LaunchScreen.storyboard */,
				AA436C25203D945F00F3DDF1 /* AppDelegate.swift */,
			);
			path = "Supporting Files";
			sourceTree = "<group>";
		};
		AA3BC45E20626DC7005812D0 /* Core-actr */ = {
			isa = PBXGroup;
			children = (
				4259C508206A4CD900340E9D /* BufferAction.swift */,
				AA3BC46020626DC7005812D0 /* BufferCondition.swift */,
				5B9EBEA420627F520086AAA0 /* bullshit.actr */,
				AA3BC46220626DC7005812D0 /* Chunk.swift */,
				AA3BC46320626DC7005812D0 /* Declarative.swift */,
				AA3BC46420626DC7005812D0 /* Instantiation.swift */,
				AA3BC46520626DC7005812D0 /* Model.swift */,
				AA3BC46620626DC7005812D0 /* Parser.swift */,
				AA3BC46720626DC7005812D0 /* Prisoner.swift */,
				AA3BC46820626DC7005812D0 /* Procedural.swift */,
				AA3BC46920626DC7005812D0 /* Production.swift */,
				AA3BC46A20626DC7005812D0 /* rps.actr */,
				AA3BC46B20626DC7005812D0 /* SlotAction.swift */,
				AA3BC46C20626DC7005812D0 /* SlotCondition.swift */,
				AA3BC46D20626DC7005812D0 /* Support.swift */,
				AA3BC46E20626DC7005812D0 /* Temporal.swift */,
				AA3BC46F20626DC7005812D0 /* time.actr */,
				AA3BC47020626DC7005812D0 /* Tokenizer.swift */,
			);
			name = "Core-actr";
			path = "Bullshit/Core-actr";
			sourceTree = SOURCE_ROOT;
		};
		AA436C19203D945F00F3DDF1 = {
			isa = PBXGroup;
			children = (
				AA436C24203D945F00F3DDF1 /* Bullshit */,
				AA436C23203D945F00F3DDF1 /* Products */,
			);
			sourceTree = "<group>";
		};
		AA436C23203D945F00F3DDF1 /* Products */ = {
			isa = PBXGroup;
			children = (
				AA436C22203D945F00F3DDF1 /* Bullshit.app */,
			);
			name = Products;
			sourceTree = "<group>";
		};
		AA436C24203D945F00F3DDF1 /* Bullshit */ = {
			isa = PBXGroup;
			children = (
				AA3BC45E20626DC7005812D0 /* Core-actr */,
				AAE8899A2046D1AD002758DE /* CognitiveModel.swift */,
				AAE8899C2046D1E0002758DE /* Game.swift */,
				AAE889962046CFE0002758DE /* Deck.swift */,
				AAE889982046CFEF002758DE /* Card.swift */,
				AA35C9BB204FF2EC00DDEA21 /* MachineLearning.swift */,
				AA436C29203D945F00F3DDF1 /* Main.storyboard */,
				423847082073A80C004DC225 /* instructionsViewController.swift */,
				42152C4B2057E2A6002FB92B /* ViewController.swift */,
				4259C502205BC29F00340E9D /* claimPopUpViewController.swift */,
				AAE5C5E0206D218100A7C4F5 /* bluffCallPopUpViewController.swift */,
				42D30C032056B1F70058F795 /* ViewControllerStart.swift */,
				42D30BC22056A9E40058F795 /* Supporting Files */,
				AA436C31203D945F00F3DDF1 /* Info.plist */,
			);
			path = Bullshit;
			sourceTree = "<group>";
		};
/* End PBXGroup section */

/* Begin PBXNativeTarget section */
		AA436C21203D945F00F3DDF1 /* Bullshit */ = {
			isa = PBXNativeTarget;
			buildConfigurationList = AA436C34203D945F00F3DDF1 /* Build configuration list for PBXNativeTarget "Bullshit" */;
			buildPhases = (
				AA436C1E203D945F00F3DDF1 /* Sources */,
				AA436C1F203D945F00F3DDF1 /* Frameworks */,
				AA436C20203D945F00F3DDF1 /* Resources */,
			);
			buildRules = (
			);
			dependencies = (
			);
			name = Bullshit;
			productName = Bullshit;
			productReference = AA436C22203D945F00F3DDF1 /* Bullshit.app */;
			productType = "com.apple.product-type.application";
		};
/* End PBXNativeTarget section */

/* Begin PBXProject section */
		AA436C1A203D945F00F3DDF1 /* Project object */ = {
			isa = PBXProject;
			attributes = {
				LastSwiftUpdateCheck = 0920;
				LastUpgradeCheck = 0920;
				ORGANIZATIONNAME = "L.A. van de Guchte";
				TargetAttributes = {
					AA436C21203D945F00F3DDF1 = {
						CreatedOnToolsVersion = 9.2;
						ProvisioningStyle = Automatic;
					};
				};
			};
			buildConfigurationList = AA436C1D203D945F00F3DDF1 /* Build configuration list for PBXProject "Bullshit" */;
			compatibilityVersion = "Xcode 8.0";
			developmentRegion = en;
			hasScannedForEncodings = 0;
			knownRegions = (
				en,
				Base,
			);
			mainGroup = AA436C19203D945F00F3DDF1;
			productRefGroup = AA436C23203D945F00F3DDF1 /* Products */;
			projectDirPath = "";
			projectRoot = "";
			targets = (
				AA436C21203D945F00F3DDF1 /* Bullshit */,
			);
		};
/* End PBXProject section */

/* Begin PBXResourcesBuildPhase section */
		AA436C20203D945F00F3DDF1 /* Resources */ = {
			isa = PBXResourcesBuildPhase;
			buildActionMask = 2147483647;
			files = (
				AA436C30203D945F00F3DDF1 /* LaunchScreen.storyboard in Resources */,
				AA3BC48120626DC7005812D0 /* time.actr in Resources */,
				5B9EBEA520627F520086AAA0 /* bullshit.actr in Resources */,
				AA436C2D203D945F00F3DDF1 /* Assets.xcassets in Resources */,
				42152C4A2057E1BB002FB92B /* Main.storyboard in Resources */,
				AA3BC47C20626DC7005812D0 /* rps.actr in Resources */,
			);
			runOnlyForDeploymentPostprocessing = 0;
		};
/* End PBXResourcesBuildPhase section */

/* Begin PBXSourcesBuildPhase section */
		AA436C1E203D945F00F3DDF1 /* Sources */ = {
			isa = PBXSourcesBuildPhase;
			buildActionMask = 2147483647;
			files = (
				AA3BC47A20626DC7005812D0 /* Procedural.swift in Sources */,
				AA3BC47720626DC7005812D0 /* Model.swift in Sources */,
				AA3BC47B20626DC7005812D0 /* Production.swift in Sources */,
				AAE889972046CFE0002758DE /* Deck.swift in Sources */,
				4259C503205BC29F00340E9D /* claimPopUpViewController.swift in Sources */,
				4259C509206A4CD900340E9D /* BufferAction.swift in Sources */,
				AA3BC47920626DC7005812D0 /* Prisoner.swift in Sources */,
				AAE889992046CFEF002758DE /* Card.swift in Sources */,
				AA3BC47820626DC7005812D0 /* Parser.swift in Sources */,
				42152C4C2057E2A6002FB92B /* ViewController.swift in Sources */,
				AA35C9BC204FF2EC00DDEA21 /* MachineLearning.swift in Sources */,
				AA3BC47620626DC7005812D0 /* Instantiation.swift in Sources */,
				AA3BC47F20626DC7005812D0 /* Support.swift in Sources */,
				AAE8899D2046D1E0002758DE /* Game.swift in Sources */,
				AA3BC48220626DC7005812D0 /* Tokenizer.swift in Sources */,
				AAE8899B2046D1AD002758DE /* CognitiveModel.swift in Sources */,
				AA3BC47220626DC7005812D0 /* BufferCondition.swift in Sources */,
				AA3BC48020626DC7005812D0 /* Temporal.swift in Sources */,
				AA3BC47520626DC7005812D0 /* Declarative.swift in Sources */,
				AA436C26203D945F00F3DDF1 /* AppDelegate.swift in Sources */,
				423847092073A80C004DC225 /* instructionsViewController.swift in Sources */,
				AAE5C5E1206D218100A7C4F5 /* bluffCallPopUpViewController.swift in Sources */,
				42D30C042056B1F70058F795 /* ViewControllerStart.swift in Sources */,
				AA3BC47420626DC7005812D0 /* Chunk.swift in Sources */,
				AA3BC47E20626DC7005812D0 /* SlotCondition.swift in Sources */,
				AA3BC47D20626DC7005812D0 /* SlotAction.swift in Sources */,
			);
			runOnlyForDeploymentPostprocessing = 0;
		};
/* End PBXSourcesBuildPhase section */

/* Begin PBXVariantGroup section */
		AA436C29203D945F00F3DDF1 /* Main.storyboard */ = {
			isa = PBXVariantGroup;
			children = (
				AA436C2A203D945F00F3DDF1 /* Base */,
			);
			name = Main.storyboard;
			sourceTree = "<group>";
		};
		AA436C2E203D945F00F3DDF1 /* LaunchScreen.storyboard */ = {
			isa = PBXVariantGroup;
			children = (
				AA436C2F203D945F00F3DDF1 /* Base */,
			);
			name = LaunchScreen.storyboard;
			sourceTree = "<group>";
		};
/* End PBXVariantGroup section */

/* Begin XCBuildConfiguration section */
		AA436C32203D945F00F3DDF1 /* Debug */ = {
			isa = XCBuildConfiguration;
			buildSettings = {
				ALWAYS_SEARCH_USER_PATHS = NO;
				CLANG_ANALYZER_NONNULL = YES;
				CLANG_ANALYZER_NUMBER_OBJECT_CONVERSION = YES_AGGRESSIVE;
				CLANG_CXX_LANGUAGE_STANDARD = "gnu++14";
				CLANG_CXX_LIBRARY = "libc++";
				CLANG_ENABLE_MODULES = YES;
				CLANG_ENABLE_OBJC_ARC = YES;
				CLANG_WARN_BLOCK_CAPTURE_AUTORELEASING = YES;
				CLANG_WARN_BOOL_CONVERSION = YES;
				CLANG_WARN_COMMA = YES;
				CLANG_WARN_CONSTANT_CONVERSION = YES;
				CLANG_WARN_DIRECT_OBJC_ISA_USAGE = YES_ERROR;
				CLANG_WARN_DOCUMENTATION_COMMENTS = YES;
				CLANG_WARN_EMPTY_BODY = YES;
				CLANG_WARN_ENUM_CONVERSION = YES;
				CLANG_WARN_INFINITE_RECURSION = YES;
				CLANG_WARN_INT_CONVERSION = YES;
				CLANG_WARN_NON_LITERAL_NULL_CONVERSION = YES;
				CLANG_WARN_OBJC_LITERAL_CONVERSION = YES;
				CLANG_WARN_OBJC_ROOT_CLASS = YES_ERROR;
				CLANG_WARN_RANGE_LOOP_ANALYSIS = YES;
				CLANG_WARN_STRICT_PROTOTYPES = YES;
				CLANG_WARN_SUSPICIOUS_MOVE = YES;
				CLANG_WARN_UNGUARDED_AVAILABILITY = YES_AGGRESSIVE;
				CLANG_WARN_UNREACHABLE_CODE = YES;
				CLANG_WARN__DUPLICATE_METHOD_MATCH = YES;
				CODE_SIGN_IDENTITY = "iPhone Developer";
				COPY_PHASE_STRIP = NO;
				DEBUG_INFORMATION_FORMAT = dwarf;
				ENABLE_STRICT_OBJC_MSGSEND = YES;
				ENABLE_TESTABILITY = YES;
				GCC_C_LANGUAGE_STANDARD = gnu11;
				GCC_DYNAMIC_NO_PIC = NO;
				GCC_NO_COMMON_BLOCKS = YES;
				GCC_OPTIMIZATION_LEVEL = 0;
				GCC_PREPROCESSOR_DEFINITIONS = (
					"DEBUG=1",
					"$(inherited)",
				);
				GCC_WARN_64_TO_32_BIT_CONVERSION = YES;
				GCC_WARN_ABOUT_RETURN_TYPE = YES_ERROR;
				GCC_WARN_UNDECLARED_SELECTOR = YES;
				GCC_WARN_UNINITIALIZED_AUTOS = YES_AGGRESSIVE;
				GCC_WARN_UNUSED_FUNCTION = YES;
				GCC_WARN_UNUSED_VARIABLE = YES;
				IPHONEOS_DEPLOYMENT_TARGET = 11.2;
				MTL_ENABLE_DEBUG_INFO = YES;
				ONLY_ACTIVE_ARCH = YES;
				SDKROOT = iphoneos;
				SWIFT_ACTIVE_COMPILATION_CONDITIONS = DEBUG;
				SWIFT_OPTIMIZATION_LEVEL = "-Onone";
			};
			name = Debug;
		};
		AA436C33203D945F00F3DDF1 /* Release */ = {
			isa = XCBuildConfiguration;
			buildSettings = {
				ALWAYS_SEARCH_USER_PATHS = NO;
				CLANG_ANALYZER_NONNULL = YES;
				CLANG_ANALYZER_NUMBER_OBJECT_CONVERSION = YES_AGGRESSIVE;
				CLANG_CXX_LANGUAGE_STANDARD = "gnu++14";
				CLANG_CXX_LIBRARY = "libc++";
				CLANG_ENABLE_MODULES = YES;
				CLANG_ENABLE_OBJC_ARC = YES;
				CLANG_WARN_BLOCK_CAPTURE_AUTORELEASING = YES;
				CLANG_WARN_BOOL_CONVERSION = YES;
				CLANG_WARN_COMMA = YES;
				CLANG_WARN_CONSTANT_CONVERSION = YES;
				CLANG_WARN_DIRECT_OBJC_ISA_USAGE = YES_ERROR;
				CLANG_WARN_DOCUMENTATION_COMMENTS = YES;
				CLANG_WARN_EMPTY_BODY = YES;
				CLANG_WARN_ENUM_CONVERSION = YES;
				CLANG_WARN_INFINITE_RECURSION = YES;
				CLANG_WARN_INT_CONVERSION = YES;
				CLANG_WARN_NON_LITERAL_NULL_CONVERSION = YES;
				CLANG_WARN_OBJC_LITERAL_CONVERSION = YES;
				CLANG_WARN_OBJC_ROOT_CLASS = YES_ERROR;
				CLANG_WARN_RANGE_LOOP_ANALYSIS = YES;
				CLANG_WARN_STRICT_PROTOTYPES = YES;
				CLANG_WARN_SUSPICIOUS_MOVE = YES;
				CLANG_WARN_UNGUARDED_AVAILABILITY = YES_AGGRESSIVE;
				CLANG_WARN_UNREACHABLE_CODE = YES;
				CLANG_WARN__DUPLICATE_METHOD_MATCH = YES;
				CODE_SIGN_IDENTITY = "iPhone Developer";
				COPY_PHASE_STRIP = NO;
				DEBUG_INFORMATION_FORMAT = "dwarf-with-dsym";
				ENABLE_NS_ASSERTIONS = NO;
				ENABLE_STRICT_OBJC_MSGSEND = YES;
				GCC_C_LANGUAGE_STANDARD = gnu11;
				GCC_NO_COMMON_BLOCKS = YES;
				GCC_WARN_64_TO_32_BIT_CONVERSION = YES;
				GCC_WARN_ABOUT_RETURN_TYPE = YES_ERROR;
				GCC_WARN_UNDECLARED_SELECTOR = YES;
				GCC_WARN_UNINITIALIZED_AUTOS = YES_AGGRESSIVE;
				GCC_WARN_UNUSED_FUNCTION = YES;
				GCC_WARN_UNUSED_VARIABLE = YES;
				IPHONEOS_DEPLOYMENT_TARGET = 11.2;
				MTL_ENABLE_DEBUG_INFO = NO;
				SDKROOT = iphoneos;
				SWIFT_OPTIMIZATION_LEVEL = "-Owholemodule";
				VALIDATE_PRODUCT = YES;
			};
			name = Release;
		};
		AA436C35203D945F00F3DDF1 /* Debug */ = {
			isa = XCBuildConfiguration;
			buildSettings = {
				ASSETCATALOG_COMPILER_APPICON_NAME = AppIcon;
				"CODE_SIGN_IDENTITY[sdk=iphoneos*]" = "iPhone Developer";
				CODE_SIGN_STYLE = Automatic;
				DEVELOPMENT_TEAM = 5GBB8HNB34;
				INFOPLIST_FILE = Bullshit/Info.plist;
				IPHONEOS_DEPLOYMENT_TARGET = 11.2;
				LD_RUNPATH_SEARCH_PATHS = "$(inherited) @executable_path/Frameworks";
				PRODUCT_BUNDLE_IDENTIFIER = rug.s2539136.Bullshit;
				PRODUCT_NAME = "$(TARGET_NAME)";
				PROVISIONING_PROFILE_SPECIFIER = "";
				SWIFT_VERSION = 4.0;
				TARGETED_DEVICE_FAMILY = "1,2";
			};
			name = Debug;
		};
		AA436C36203D945F00F3DDF1 /* Release */ = {
			isa = XCBuildConfiguration;
			buildSettings = {
				ASSETCATALOG_COMPILER_APPICON_NAME = AppIcon;
				"CODE_SIGN_IDENTITY[sdk=iphoneos*]" = "iPhone Developer";
				CODE_SIGN_STYLE = Automatic;
				DEVELOPMENT_TEAM = 5GBB8HNB34;
				INFOPLIST_FILE = Bullshit/Info.plist;
				IPHONEOS_DEPLOYMENT_TARGET = 11.2;
				LD_RUNPATH_SEARCH_PATHS = "$(inherited) @executable_path/Frameworks";
				PRODUCT_BUNDLE_IDENTIFIER = rug.s2539136.Bullshit;
				PRODUCT_NAME = "$(TARGET_NAME)";
				PROVISIONING_PROFILE_SPECIFIER = "";
				SWIFT_VERSION = 4.0;
				TARGETED_DEVICE_FAMILY = "1,2";
			};
			name = Release;
		};
/* End XCBuildConfiguration section */

/* Begin XCConfigurationList section */
		AA436C1D203D945F00F3DDF1 /* Build configuration list for PBXProject "Bullshit" */ = {
			isa = XCConfigurationList;
			buildConfigurations = (
				AA436C32203D945F00F3DDF1 /* Debug */,
				AA436C33203D945F00F3DDF1 /* Release */,
			);
			defaultConfigurationIsVisible = 0;
			defaultConfigurationName = Release;
		};
		AA436C34203D945F00F3DDF1 /* Build configuration list for PBXNativeTarget "Bullshit" */ = {
			isa = XCConfigurationList;
			buildConfigurations = (
				AA436C35203D945F00F3DDF1 /* Debug */,
				AA436C36203D945F00F3DDF1 /* Release */,
			);
			defaultConfigurationIsVisible = 0;
			defaultConfigurationName = Release;
		};
/* End XCConfigurationList section */
	};
	rootObject = AA436C1A203D945F00F3DDF1 /* Project object */;
}
